
Microsoft Visual Studio Solution File, Format Version 12.00
# Visual Studio Version 16
VisualStudioVersion = 16.0.37507.1
MinimumVisualStudioVersion = 10.0.40219.1
Project("{FAE04EC0-301F-11D3-BF4B-00C04F79EFBC}") = "3MLIDTS_KevinMontores_03.1", "3MLIDTS_KevinMontores_03.1\3MLIDTS_KevinMontores_03.1.csproj", "{4E910DAD-0069-4483-8E70-491F68D4680C}"
EndProject
Global
	GlobalSection(SolutionConfigurationPlatforms) = preSolution
		Debug|Any CPU = Debug|Any CPU
		Release|Any CPU = Release|Any CPU
	EndGlobalSection
	GlobalSection(ProjectConfigurationPlatforms) = postSolution
		{4E910DAD-0069-4483-8E70-491F68D4680C}.Debug|Any CPU.ActiveCfg = Debug|Any CPU
		{4E910DAD-0069-4483-8E70-491F68D4680C}.Debug|Any CPU.Build.0 = Debug|Any CPU
		{4E910DAD-0069-4483-8E70-491F68D4680C}.Release|Any CPU.ActiveCfg = Release|Any CPU
		{4E910DAD-0069-4483-8E70-491F68D4680C}.Release|Any CPU.Build.0 = Release|Any CPU
	EndGlobalSection
	GlobalSection(SolutionProperties) = preSolution
		HideSolutionNode = FALSE
	EndGlobalSection
	GlobalSection(ExtensibilityGlobals) = postSolution
		SolutionGuid = {6338A96B-5623-4E5E-A871-4581713F2BAA}
	EndGlobalSection
EndGlobal
